{
  "name": "java-interview-questions",
  "lockfileVersion": 3,
  "requires": true,
  "packages": {
    "": {
      "dependencies": {
        "@sujaykumarh/docsify-plugin-footer": "^1.0.4"
      }
    },
    "node_modules/@sujaykumarh/docsify-plugin-footer": {
      "version": "1.0.4",
      "resolved": "https://registry.npmjs.org/@sujaykumarh/docsify-plugin-footer/-/docsify-plugin-footer-1.0.4.tgz",
      "integrity": "sha512-gV8ZYqT0s7CKAmBiw2bbXjVBdGrLA5vlFnoa3Vgd6QEjjm9LoD+HziuAF/uzTgqUEpgfl+KgQgOwQOUj8OhFlA=="
    }
  }
}
